
Microsoft Visual Studio Solution File, Format Version 12.00
# Visual Studio Version 16
VisualStudioVersion = 16.0.32802.440
MinimumVisualStudioVersion = 10.0.40219.1
Project("{FAE04EC0-301F-11D3-BF4B-00C04F79EFBC}") = "Practico6Ejercicio2", "Practico6Ejercicio2\Practico6Ejercicio2.csproj", "{A2DA74A0-E5F3-49C8-BD24-84461D9DE549}"
EndProject
Global
	GlobalSection(SolutionConfigurationPlatforms) = preSolution
		Debug|Any CPU = Debug|Any CPU
		Release|Any CPU = Release|Any CPU
	EndGlobalSection
	GlobalSection(ProjectConfigurationPlatforms) = postSolution
		{A2DA74A0-E5F3-49C8-BD24-84461D9DE549}.Debug|Any CPU.ActiveCfg = Debug|Any CPU
		{A2DA74A0-E5F3-49C8-BD24-84461D9DE549}.Debug|Any CPU.Build.0 = Debug|Any CPU
		{A2DA74A0-E5F3-49C8-BD24-84461D9DE549}.Release|Any CPU.ActiveCfg = Release|Any CPU
		{A2DA74A0-E5F3-49C8-BD24-84461D9DE549}.Release|Any CPU.Build.0 = Release|Any CPU
	EndGlobalSection
	GlobalSection(SolutionProperties) = preSolution
		HideSolutionNode = FALSE
	EndGlobalSection
	GlobalSection(ExtensibilityGlobals) = postSolution
		SolutionGuid = {F467C82E-EFEC-43D2-9DCD-9BAC590340F6}
	EndGlobalSection
EndGlobal
