
Microsoft Visual Studio Solution File, Format Version 12.00
# Visual Studio Version 16
VisualStudioVersion = 16.0.32802.440
MinimumVisualStudioVersion = 10.0.40219.1
Project("{F2A71F9B-5D33-465A-A702-920D77279786}") = "MVCproyect", "MVCproyect\MVCproyect.fsproj", "{A65B8EB1-24AD-405D-B68C-32363664B320}"
EndProject
Global
	GlobalSection(SolutionConfigurationPlatforms) = preSolution
		Debug|Any CPU = Debug|Any CPU
		Release|Any CPU = Release|Any CPU
	EndGlobalSection
	GlobalSection(ProjectConfigurationPlatforms) = postSolution
		{A65B8EB1-24AD-405D-B68C-32363664B320}.Debug|Any CPU.ActiveCfg = Debug|Any CPU
		{A65B8EB1-24AD-405D-B68C-32363664B320}.Debug|Any CPU.Build.0 = Debug|Any CPU
		{A65B8EB1-24AD-405D-B68C-32363664B320}.Release|Any CPU.ActiveCfg = Release|Any CPU
		{A65B8EB1-24AD-405D-B68C-32363664B320}.Release|Any CPU.Build.0 = Release|Any CPU
	EndGlobalSection
	GlobalSection(SolutionProperties) = preSolution
		HideSolutionNode = FALSE
	EndGlobalSection
	GlobalSection(ExtensibilityGlobals) = postSolution
		SolutionGuid = {3365AFC5-E923-40CB-B47F-B41842A49D7D}
	EndGlobalSection
EndGlobal
